# This file is autogenerated, do not edit; changes may be undone by the next 'dep ensure'.


[[projects]]
  branch = "master"
  name = "github.com/bradfitz/gomemcache"
  packages = ["memcache"]
  revision = "1952afaa557dc08e8e0d89eafab110fb501c1a2b"

[solve-meta]
  analyzer-name = "dep"
  analyzer-version = 1
  inputs-digest = "61a74620202247f80478125450dccc304a9e5274c11d97c3d944272b45611119"
  solver-name = "gps-cdcl"
  solver-version = 1
